// !$*UTF8*$!
{
	archiveVersion = 1;
	classes = {
	};
	objectVersion = 48;
	objects = {

/* Begin PBXBuildFile section */
		81C44B0E1FFBC53800DF3AB3 /* AppDelegate.swift in Sources */ = {isa = PBXBuildFile; fileRef = 81C44B0D1FFBC53800DF3AB3 /* AppDelegate.swift */; };
		81C44B101FFBC53800DF3AB3 /* ViewController.swift in Sources */ = {isa = PBXBuildFile; fileRef = 81C44B0F1FFBC53800DF3AB3 /* ViewController.swift */; };
		81C44B131FFBC53800DF3AB3 /* Main.storyboard in Resources */ = {isa = PBXBuildFile; fileRef = 81C44B111FFBC53800DF3AB3 /* Main.storyboard */; };
		81C44B161FFBC53800DF3AB3 /* testClosure.xcdatamodeld in Sources */ = {isa = PBXBuildFile; fileRef = 81C44B141FFBC53800DF3AB3 /* testClosure.xcdatamodeld */; };
		81C44B181FFBC53800DF3AB3 /* Assets.xcassets in Resources */ = {isa = PBXBuildFile; fileRef = 81C44B171FFBC53800DF3AB3 /* Assets.xcassets */; };
		81C44B1B1FFBC53800DF3AB3 /* LaunchScreen.storyboard in Resources */ = {isa = PBXBuildFile; fileRef = 81C44B191FFBC53800DF3AB3 /* LaunchScreen.storyboard */; };
/* End PBXBuildFile section */

/* Begin PBXFileReference section */
		81C44B0A1FFBC53800DF3AB3 /* testClosure.app */ = {isa = PBXFileReference; explicitFileType = wrapper.application; includeInIndex = 0; path = testClosure.app; sourceTree = BUILT_PRODUCTS_DIR; };
		81C44B0D1FFBC53800DF3AB3 /* AppDelegate.swift */ = {isa = PBXFileReference; lastKnownFileType = sourcecode.swift; path = AppDelegate.swift; sourceTree = "<group>"; };
		81C44B0F1FFBC53800DF3AB3 /* ViewController.swift */ = {isa = PBXFileReference; lastKnownFileType = sourcecode.swift; path = ViewController.swift; sourceTree = "<group>"; };
		81C44B121FFBC53800DF3AB3 /* Base */ = {isa = PBXFileReference; lastKnownFileType = file.storyboard; name = Base; path = Base.lproj/Main.storyboard; sourceTree = "<group>"; };
		81C44B151FFBC53800DF3AB3 /* testClosure.xcdatamodel */ = {isa = PBXFileReference; lastKnownFileType = wrapper.xcdatamodel; path = testClosure.xcdatamodel; sourceTree = "<group>"; };
		81C44B171FFBC53800DF3AB3 /* Assets.xcassets */ = {isa = PBXFileReference; lastKnownFileType = folder.assetcatalog; path = Assets.xcassets; sourceTree = "<group>"; };
		81C44B1A1FFBC53800DF3AB3 /* Base */ = {isa = PBXFileReference; lastKnownFileType = file.storyboard; name = Base; path = Base.lproj/LaunchScreen.storyboard; sourceTree = "<group>"; };
		81C44B1C1FFBC53800DF3AB3 /* Info.plist */ = {isa = PBXFileReference; lastKnownFileType = text.plist.xml; path = Info.plist; sourceTree = "<group>"; };
/* End PBXFileReference section */

/* Begin PBXFrameworksBuildPhase section */
		81C44B071FFBC53800DF3AB3 /* Frameworks */ = {
			isa = PBXFrameworksBuildPhase;
			buildActionMask = 2147483647;
			files = (
			);
			runOnlyForDeploymentPostprocessing = 0;
		};
/* End PBXFrameworksBuildPhase section */

/* Begin PBXGroup section */
		81C44B011FFBC53800DF3AB3 = {
			isa = PBXGroup;
			children = (
				81C44B0C1FFBC53800DF3AB3 /* testClosure */,
				81C44B0B1FFBC53800DF3AB3 /* Products */,
			);
			sourceTree = "<group>";
		};
		81C44B0B1FFBC53800DF3AB3 /* Products */ = {
			isa = PBXGroup;
			children = (
				81C44B0A1FFBC53800DF3AB3 /* testClosure.app */,
			);
			name = Products;
			sourceTree = "<group>";
		};
		81C44B0C1FFBC53800DF3AB3 /* testClosure */ = {
			isa = PBXGroup;
			children = (
				81C44B0D1FFBC53800DF3AB3 /* AppDelegate.swift */,
				81C44B0F1FFBC53800DF3AB3 /* ViewController.swift */,
				81C44B111FFBC53800DF3AB3 /* Main.storyboard */,
				81C44B171FFBC53800DF3AB3 /* Assets.xcassets */,
				81C44B191FFBC53800DF3AB3 /* LaunchScreen.storyboard */,
				81C44B1C1FFBC53800DF3AB3 /* Info.plist */,
				81C44B141FFBC53800DF3AB3 /* testClosure.xcdatamodeld */,
			);
			path = testClosure;
			sourceTree = "<group>";
		};
/* End PBXGroup section */

/* Begin PBXNativeTarget section */
		81C44B091FFBC53800DF3AB3 /* testClosure */ = {
			isa = PBXNativeTarget;
			buildConfigurationList = 81C44B1F1FFBC53800DF3AB3 /* Build configuration list for PBXNativeTarget "testClosure" */;
			buildPhases = (
				81C44B061FFBC53800DF3AB3 /* Sources */,
				81C44B071FFBC53800DF3AB3 /* Frameworks */,
				81C44B081FFBC53800DF3AB3 /* Resources */,
			);
			buildRules = (
			);
			dependencies = (
			);
			name = testClosure;
			productName = testClosure;
			productReference = 81C44B0A1FFBC53800DF3AB3 /* testClosure.app */;
			productType = "com.apple.product-type.application";
		};
/* End PBXNativeTarget section */

/* Begin PBXProject section */
		81C44B021FFBC53800DF3AB3 /* Project object */ = {
			isa = PBXProject;
			attributes = {
				LastSwiftUpdateCheck = 0900;
				LastUpgradeCheck = 0900;
				ORGANIZATIONNAME = "Ragaie alfy";
				TargetAttributes = {
					81C44B091FFBC53800DF3AB3 = {
						CreatedOnToolsVersion = 9.0;
						ProvisioningStyle = Automatic;
					};
				};
			};
			buildConfigurationList = 81C44B051FFBC53800DF3AB3 /* Build configuration list for PBXProject "testClosure" */;
			compatibilityVersion = "Xcode 8.0";
			developmentRegion = en;
			hasScannedForEncodings = 0;
			knownRegions = (
				en,
				Base,
			);
			mainGroup = 81C44B011FFBC53800DF3AB3;
			productRefGroup = 81C44B0B1FFBC53800DF3AB3 /* Products */;
			projectDirPath = "";
			projectRoot = "";
			targets = (
				81C44B091FFBC53800DF3AB3 /* testClosure */,
			);
		};
/* End PBXProject section */

/* Begin PBXResourcesBuildPhase section */
		81C44B081FFBC53800DF3AB3 /* Resources */ = {
			isa = PBXResourcesBuildPhase;
			buildActionMask = 2147483647;
			files = (
				81C44B1B1FFBC53800DF3AB3 /* LaunchScreen.storyboard in Resources */,
				81C44B181FFBC53800DF3AB3 /* Assets.xcassets in Resources */,
				81C44B131FFBC53800DF3AB3 /* Main.storyboard in Resources */,
			);
			runOnlyForDeploymentPostprocessing = 0;
		};
/* End PBXResourcesBuildPhase section */

/* Begin PBXSourcesBuildPhase section */
		81C44B061FFBC53800DF3AB3 /* Sources */ = {
			isa = PBXSourcesBuildPhase;
			buildActionMask = 2147483647;
			files = (
				81C44B101FFBC53800DF3AB3 /* ViewController.swift in Sources */,
				81C44B0E1FFBC53800DF3AB3 /* AppDelegate.swift in Sources */,
				81C44B161FFBC53800DF3AB3 /* testClosure.xcdatamodeld in Sources */,
			);
			runOnlyForDeploymentPostprocessing = 0;
		};
/* End PBXSourcesBuildPhase section */

/* Begin PBXVariantGroup section */
		81C44B111FFBC53800DF3AB3 /* Main.storyboard */ = {
			isa = PBXVariantGroup;
			children = (
				81C44B121FFBC53800DF3AB3 /* Base */,
			);
			name = Main.storyboard;
			sourceTree = "<group>";
		};
		81C44B191FFBC53800DF3AB3 /* LaunchScreen.storyboard */ = {
			isa = PBXVariantGroup;
			children = (
				81C44B1A1FFBC53800DF3AB3 /* Base */,
			);
			name = LaunchScreen.storyboard;
			sourceTree = "<group>";
		};
/* End PBXVariantGroup section */

/* Begin XCBuildConfiguration section */
		81C44B1D1FFBC53800DF3AB3 /* Debug */ = {
			isa = XCBuildConfiguration;
			buildSettings = {
				ALWAYS_SEARCH_USER_PATHS = NO;
				CLANG_ANALYZER_NONNULL = YES;
				CLANG_ANALYZER_NUMBER_OBJECT_CONVERSION = YES_AGGRESSIVE;
				CLANG_CXX_LANGUAGE_STANDARD = "gnu++14";
				CLANG_CXX_LIBRARY = "libc++";
				CLANG_ENABLE_MODULES = YES;
				CLANG_ENABLE_OBJC_ARC = YES;
				CLANG_WARN_BLOCK_CAPTURE_AUTORELEASING = YES;
				CLANG_WARN_BOOL_CONVERSION = YES;
				CLANG_WARN_COMMA = YES;
				CLANG_WARN_CONSTANT_CONVERSION = YES;
				CLANG_WARN_DIRECT_OBJC_ISA_USAGE = YES_ERROR;
				CLANG_WARN_DOCUMENTATION_COMMENTS = YES;
				CLANG_WARN_EMPTY_BODY = YES;
				CLANG_WARN_ENUM_CONVERSION = YES;
				CLANG_WARN_INFINITE_RECURSION = YES;
				CLANG_WARN_INT_CONVERSION = YES;
				CLANG_WARN_NON_LITERAL_NULL_CONVERSION = YES;
				CLANG_WARN_OBJC_LITERAL_CONVERSION = YES;
				CLANG_WARN_OBJC_ROOT_CLASS = YES_ERROR;
				CLANG_WARN_RANGE_LOOP_ANALYSIS = YES;
				CLANG_WARN_STRICT_PROTOTYPES = YES;
				CLANG_WARN_SUSPICIOUS_MOVE = YES;
				CLANG_WARN_UNGUARDED_AVAILABILITY = YES_AGGRESSIVE;
				CLANG_WARN_UNREACHABLE_CODE = YES;
				CLANG_WARN__DUPLICATE_METHOD_MATCH = YES;
				CODE_SIGN_IDENTITY = "iPhone Developer";
				COPY_PHASE_STRIP = NO;
				DEBUG_INFORMATION_FORMAT = dwarf;
				ENABLE_STRICT_OBJC_MSGSEND = YES;
				ENABLE_TESTABILITY = YES;
				GCC_C_LANGUAGE_STANDARD = gnu11;
				GCC_DYNAMIC_NO_PIC = NO;
				GCC_NO_COMMON_BLOCKS = YES;
				GCC_OPTIMIZATION_LEVEL = 0;
				GCC_PREPROCESSOR_DEFINITIONS = (
					"DEBUG=1",
					"$(inherited)",
				);
				GCC_WARN_64_TO_32_BIT_CONVERSION = YES;
				GCC_WARN_ABOUT_RETURN_TYPE = YES_ERROR;
				GCC_WARN_UNDECLARED_SELECTOR = YES;
				GCC_WARN_UNINITIALIZED_AUTOS = YES_AGGRESSIVE;
				GCC_WARN_UNUSED_FUNCTION = YES;
				GCC_WARN_UNUSED_VARIABLE = YES;
				IPHONEOS_DEPLOYMENT_TARGET = 11.0;
				MTL_ENABLE_DEBUG_INFO = YES;
				ONLY_ACTIVE_ARCH = YES;
				SDKROOT = iphoneos;
				SWIFT_ACTIVE_COMPILATION_CONDITIONS = DEBUG;
				SWIFT_OPTIMIZATION_LEVEL = "-Onone";
			};
			name = Debug;
		};
		81C44B1E1FFBC53800DF3AB3 /* Release */ = {
			isa = XCBuildConfiguration;
			buildSettings = {
				ALWAYS_SEARCH_USER_PATHS = NO;
				CLANG_ANALYZER_NONNULL = YES;
				CLANG_ANALYZER_NUMBER_OBJECT_CONVERSION = YES_AGGRESSIVE;
				CLANG_CXX_LANGUAGE_STANDARD = "gnu++14";
				CLANG_CXX_LIBRARY = "libc++";
				CLANG_ENABLE_MODULES = YES;
				CLANG_ENABLE_OBJC_ARC = YES;
				CLANG_WARN_BLOCK_CAPTURE_AUTORELEASING = YES;
				CLANG_WARN_BOOL_CONVERSION = YES;
				CLANG_WARN_COMMA = YES;
				CLANG_WARN_CONSTANT_CONVERSION = YES;
				CLANG_WARN_DIRECT_OBJC_ISA_USAGE = YES_ERROR;
				CLANG_WARN_DOCUMENTATION_COMMENTS = YES;
				CLANG_WARN_EMPTY_BODY = YES;
				CLANG_WARN_ENUM_CONVERSION = YES;
				CLANG_WARN_INFINITE_RECURSION = YES;
				CLANG_WARN_INT_CONVERSION = YES;
				CLANG_WARN_NON_LITERAL_NULL_CONVERSION = YES;
				CLANG_WARN_OBJC_LITERAL_CONVERSION = YES;
				CLANG_WARN_OBJC_ROOT_CLASS = YES_ERROR;
				CLANG_WARN_RANGE_LOOP_ANALYSIS = YES;
				CLANG_WARN_STRICT_PROTOTYPES = YES;
				CLANG_WARN_SUSPICIOUS_MOVE = YES;
				CLANG_WARN_UNGUARDED_AVAILABILITY = YES_AGGRESSIVE;
				CLANG_WARN_UNREACHABLE_CODE = YES;
				CLANG_WARN__DUPLICATE_METHOD_MATCH = YES;
				CODE_SIGN_IDENTITY = "iPhone Developer";
				COPY_PHASE_STRIP = NO;
				DEBUG_INFORMATION_FORMAT = "dwarf-with-dsym";
				ENABLE_NS_ASSERTIONS = NO;
				ENABLE_STRICT_OBJC_MSGSEND = YES;
				GCC_C_LANGUAGE_STANDARD = gnu11;
				GCC_NO_COMMON_BLOCKS = YES;
				GCC_WARN_64_TO_32_BIT_CONVERSION = YES;
				GCC_WARN_ABOUT_RETURN_TYPE = YES_ERROR;
				GCC_WARN_UNDECLARED_SELECTOR = YES;
				GCC_WARN_UNINITIALIZED_AUTOS = YES_AGGRESSIVE;
				GCC_WARN_UNUSED_FUNCTION = YES;
				GCC_WARN_UNUSED_VARIABLE = YES;
				IPHONEOS_DEPLOYMENT_TARGET = 11.0;
				MTL_ENABLE_DEBUG_INFO = NO;
				SDKROOT = iphoneos;
				SWIFT_OPTIMIZATION_LEVEL = "-Owholemodule";
				VALIDATE_PRODUCT = YES;
			};
			name = Release;
		};
		81C44B201FFBC53800DF3AB3 /* Debug */ = {
			isa = XCBuildConfiguration;
			buildSettings = {
				ASSETCATALOG_COMPILER_APPICON_NAME = AppIcon;
				CODE_SIGN_STYLE = Automatic;
				INFOPLIST_FILE = testClosure/Info.plist;
				LD_RUNPATH_SEARCH_PATHS = "$(inherited) @executable_path/Frameworks";
				PRODUCT_BUNDLE_IDENTIFIER = Chtar.testClosure;
				PRODUCT_NAME = "$(TARGET_NAME)";
				SWIFT_VERSION = 4.0;
				TARGETED_DEVICE_FAMILY = "1,2";
			};
			name = Debug;
		};
		81C44B211FFBC53800DF3AB3 /* Release */ = {
			isa = XCBuildConfiguration;
			buildSettings = {
				ASSETCATALOG_COMPILER_APPICON_NAME = AppIcon;
				CODE_SIGN_STYLE = Automatic;
				INFOPLIST_FILE = testClosure/Info.plist;
				LD_RUNPATH_SEARCH_PATHS = "$(inherited) @executable_path/Frameworks";
				PRODUCT_BUNDLE_IDENTIFIER = Chtar.testClosure;
				PRODUCT_NAME = "$(TARGET_NAME)";
				SWIFT_VERSION = 4.0;
				TARGETED_DEVICE_FAMILY = "1,2";
			};
			name = Release;
		};
/* End XCBuildConfiguration section */

/* Begin XCConfigurationList section */
		81C44B051FFBC53800DF3AB3 /* Build configuration list for PBXProject "testClosure" */ = {
			isa = XCConfigurationList;
			buildConfigurations = (
				81C44B1D1FFBC53800DF3AB3 /* Debug */,
				81C44B1E1FFBC53800DF3AB3 /* Release */,
			);
			defaultConfigurationIsVisible = 0;
			defaultConfigurationName = Release;
		};
		81C44B1F1FFBC53800DF3AB3 /* Build configuration list for PBXNativeTarget "testClosure" */ = {
			isa = XCConfigurationList;
			buildConfigurations = (
				81C44B201FFBC53800DF3AB3 /* Debug */,
				81C44B211FFBC53800DF3AB3 /* Release */,
			);
			defaultConfigurationIsVisible = 0;
			defaultConfigurationName = Release;
		};
/* End XCConfigurationList section */

/* Begin XCVersionGroup section */
		81C44B141FFBC53800DF3AB3 /* testClosure.xcdatamodeld */ = {
			isa = XCVersionGroup;
			children = (
				81C44B151FFBC53800DF3AB3 /* testClosure.xcdatamodel */,
			);
			currentVersion = 81C44B151FFBC53800DF3AB3 /* testClosure.xcdatamodel */;
			path = testClosure.xcdatamodeld;
			sourceTree = "<group>";
			versionGroupType = wrapper.xcdatamodel;
		};
/* End XCVersionGroup section */
	};
	rootObject = 81C44B021FFBC53800DF3AB3 /* Project object */;
}
